
Microsoft Visual Studio Solution File, Format Version 12.00
# Visual Studio Version 16
VisualStudioVersion = 16.0.29215.179
MinimumVisualStudioVersion = 10.0.40219.1
Project("{9A19103F-16F7-4668-BE54-9A1E7A4F7556}") = "MealAPI", "EasyMeal\MealAPI.csproj", "{468DED82-E279-46E5-807F-B7C82EA67E1E}"
	ProjectSection(ProjectDependencies) = postProject
		{9146F61B-18CC-450C-84F4-98D3AF49FECB} = {9146F61B-18CC-450C-84F4-98D3AF49FECB}
	EndProjectSection
EndProject
Project("{9A19103F-16F7-4668-BE54-9A1E7A4F7556}") = "Domain Models", "Domain\Domain Models.csproj", "{07CEA4A3-E135-4F42-A0D3-BF8C5DD1B7CF}"
EndProject
Project("{9A19103F-16F7-4668-BE54-9A1E7A4F7556}") = "Infrastructure", "Infrastructure\Infrastructure.csproj", "{1FE26DA0-0404-45DA-AE1C-B0E281366771}"
EndProject
Project("{9A19103F-16F7-4668-BE54-9A1E7A4F7556}") = "Tests", "Tests\Tests.csproj", "{B708BD05-4776-461F-A92D-6DED3C7212E5}"
EndProject
Project("{9A19103F-16F7-4668-BE54-9A1E7A4F7556}") = "Domain Services", "Domain Services\Domain Services.csproj", "{9146F61B-18CC-450C-84F4-98D3AF49FECB}"
EndProject
Project("{FAE04EC0-301F-11D3-BF4B-00C04F79EFBC}") = "WebService Meals", "WebService Meals\WebService Meals.csproj", "{A042DED8-7794-410D-B9CB-5C36D87EB9A3}"
EndProject
Project("{FAE04EC0-301F-11D3-BF4B-00C04F79EFBC}") = "WebService Orders", "WebService Orders\WebService Orders.csproj", "{6AA5BB4C-FEDF-4B01-AE15-A0BE54D077BA}"
EndProject
Global
	GlobalSection(SolutionConfigurationPlatforms) = preSolution
		Debug|Any CPU = Debug|Any CPU
		Release|Any CPU = Release|Any CPU
	EndGlobalSection
	GlobalSection(ProjectConfigurationPlatforms) = postSolution
		{468DED82-E279-46E5-807F-B7C82EA67E1E}.Debug|Any CPU.ActiveCfg = Debug|Any CPU
		{468DED82-E279-46E5-807F-B7C82EA67E1E}.Debug|Any CPU.Build.0 = Debug|Any CPU
		{468DED82-E279-46E5-807F-B7C82EA67E1E}.Release|Any CPU.ActiveCfg = Release|Any CPU
		{468DED82-E279-46E5-807F-B7C82EA67E1E}.Release|Any CPU.Build.0 = Release|Any CPU
		{07CEA4A3-E135-4F42-A0D3-BF8C5DD1B7CF}.Debug|Any CPU.ActiveCfg = Debug|Any CPU
		{07CEA4A3-E135-4F42-A0D3-BF8C5DD1B7CF}.Debug|Any CPU.Build.0 = Debug|Any CPU
		{07CEA4A3-E135-4F42-A0D3-BF8C5DD1B7CF}.Release|Any CPU.ActiveCfg = Release|Any CPU
		{07CEA4A3-E135-4F42-A0D3-BF8C5DD1B7CF}.Release|Any CPU.Build.0 = Release|Any CPU
		{1FE26DA0-0404-45DA-AE1C-B0E281366771}.Debug|Any CPU.ActiveCfg = Debug|Any CPU
		{1FE26DA0-0404-45DA-AE1C-B0E281366771}.Debug|Any CPU.Build.0 = Debug|Any CPU
		{1FE26DA0-0404-45DA-AE1C-B0E281366771}.Release|Any CPU.ActiveCfg = Release|Any CPU
		{1FE26DA0-0404-45DA-AE1C-B0E281366771}.Release|Any CPU.Build.0 = Release|Any CPU
		{B708BD05-4776-461F-A92D-6DED3C7212E5}.Debug|Any CPU.ActiveCfg = Debug|Any CPU
		{B708BD05-4776-461F-A92D-6DED3C7212E5}.Debug|Any CPU.Build.0 = Debug|Any CPU
		{B708BD05-4776-461F-A92D-6DED3C7212E5}.Release|Any CPU.ActiveCfg = Release|Any CPU
		{B708BD05-4776-461F-A92D-6DED3C7212E5}.Release|Any CPU.Build.0 = Release|Any CPU
		{9146F61B-18CC-450C-84F4-98D3AF49FECB}.Debug|Any CPU.ActiveCfg = Debug|Any CPU
		{9146F61B-18CC-450C-84F4-98D3AF49FECB}.Debug|Any CPU.Build.0 = Debug|Any CPU
		{9146F61B-18CC-450C-84F4-98D3AF49FECB}.Release|Any CPU.ActiveCfg = Release|Any CPU
		{9146F61B-18CC-450C-84F4-98D3AF49FECB}.Release|Any CPU.Build.0 = Release|Any CPU
		{A042DED8-7794-410D-B9CB-5C36D87EB9A3}.Debug|Any CPU.ActiveCfg = Debug|Any CPU
		{A042DED8-7794-410D-B9CB-5C36D87EB9A3}.Debug|Any CPU.Build.0 = Debug|Any CPU
		{A042DED8-7794-410D-B9CB-5C36D87EB9A3}.Release|Any CPU.ActiveCfg = Release|Any CPU
		{A042DED8-7794-410D-B9CB-5C36D87EB9A3}.Release|Any CPU.Build.0 = Release|Any CPU
		{6AA5BB4C-FEDF-4B01-AE15-A0BE54D077BA}.Debug|Any CPU.ActiveCfg = Debug|Any CPU
		{6AA5BB4C-FEDF-4B01-AE15-A0BE54D077BA}.Debug|Any CPU.Build.0 = Debug|Any CPU
		{6AA5BB4C-FEDF-4B01-AE15-A0BE54D077BA}.Release|Any CPU.ActiveCfg = Release|Any CPU
		{6AA5BB4C-FEDF-4B01-AE15-A0BE54D077BA}.Release|Any CPU.Build.0 = Release|Any CPU
	EndGlobalSection
	GlobalSection(SolutionProperties) = preSolution
		HideSolutionNode = FALSE
	EndGlobalSection
	GlobalSection(ExtensibilityGlobals) = postSolution
		SolutionGuid = {FC5B34CC-C2D3-44A8-BA15-1D67D1B4B297}
	EndGlobalSection
EndGlobal
